// !$*UTF8*$!
{
	archiveVersion = 1;
	classes = {
	};
	objectVersion = 46;
	objects = {

/* Begin PBXBuildFile section */
		500A70A213788D45000B9666 /* QTKit.framework in Frameworks */ = {isa = PBXBuildFile; fileRef = 500A70A113788D45000B9666 /* QTKit.framework */; };
		5016BD60137DAA7800BF946C /* VideoCompressor.m in Sources */ = {isa = PBXBuildFile; fileRef = 5016BD5F137DAA7800BF946C /* VideoCompressor.m */; };
		5072A75513772BDA00022C98 /* Cocoa.framework in Frameworks */ = {isa = PBXBuildFile; fileRef = 5072A75413772BDA00022C98 /* Cocoa.framework */; };
		5072A75F13772BDA00022C98 /* InfoPlist.strings in Resources */ = {isa = PBXBuildFile; fileRef = 5072A75D13772BDA00022C98 /* InfoPlist.strings */; };
		5072A76813772BFA00022C98 /* TimeLapseApertureExporter.m in Sources */ = {isa = PBXBuildFile; fileRef = 5072A76713772BFA00022C98 /* TimeLapseApertureExporter.m */; };
		5072A76A13772D0300022C98 /* TimeLapseApertureExporter.xib in Resources */ = {isa = PBXBuildFile; fileRef = 5072A76913772D0300022C98 /* TimeLapseApertureExporter.xib */; };
		508EC28A137C61B600384FC7 /* MotionJPEGCompressor.m in Sources */ = {isa = PBXBuildFile; fileRef = 508EC289137C61B600384FC7 /* MotionJPEGCompressor.m */; };
		50A15C16137B341700215ABB /* H264VideoCompressor.m in Sources */ = {isa = PBXBuildFile; fileRef = 50A15C15137B341700215ABB /* H264VideoCompressor.m */; };
		50A15C19137B347900215ABB /* AVFoundation.framework in Frameworks */ = {isa = PBXBuildFile; fileRef = 50A15C18137B347900215ABB /* AVFoundation.framework */; settings = {ATTRIBUTES = (Weak, ); }; };
		50A15C1B137B380300215ABB /* CoreMedia.framework in Frameworks */ = {isa = PBXBuildFile; fileRef = 50A15C1A137B380300215ABB /* CoreMedia.framework */; settings = {ATTRIBUTES = (Weak, ); }; };
		50A15C1D137B382800215ABB /* QuartzCore.framework in Frameworks */ = {isa = PBXBuildFile; fileRef = 50A15C1C137B382800215ABB /* QuartzCore.framework */; settings = {ATTRIBUTES = (Required, ); }; };
		50A7B713137DC08800320BC0 /* README.markdown in Resources */ = {isa = PBXBuildFile; fileRef = 50A7B712137DC08800320BC0 /* README.markdown */; };
		50A8F8FF137C78970001073E /* H264VideoCompressor.xib in Resources */ = {isa = PBXBuildFile; fileRef = 50A8F8FE137C78960001073E /* H264VideoCompressor.xib */; };
		50DE0A6F13772FC1002C613F /* PluginManager.framework in Frameworks */ = {isa = PBXBuildFile; fileRef = 50DE0A6E13772FC1002C613F /* PluginManager.framework */; };
		50ED06461379EA2700A7565D /* PreviewGenerator.m in Sources */ = {isa = PBXBuildFile; fileRef = 50ED06451379EA2700A7565D /* PreviewGenerator.m */; };
/* End PBXBuildFile section */

/* Begin PBXFileReference section */
		500A70A113788D45000B9666 /* QTKit.framework */ = {isa = PBXFileReference; lastKnownFileType = wrapper.framework; name = QTKit.framework; path = System/Library/Frameworks/QTKit.framework; sourceTree = SDKROOT; };
		5016BD5F137DAA7800BF946C /* VideoCompressor.m */ = {isa = PBXFileReference; fileEncoding = 4; lastKnownFileType = sourcecode.c.objc; path = VideoCompressor.m; sourceTree = "<group>"; };
		5072A75113772BDA00022C98 /* Timelapse For Aperture.ApertureExport */ = {isa = PBXFileReference; explicitFileType = wrapper.cfbundle; includeInIndex = 0; path = "Timelapse For Aperture.ApertureExport"; sourceTree = BUILT_PRODUCTS_DIR; };
		5072A75413772BDA00022C98 /* Cocoa.framework */ = {isa = PBXFileReference; lastKnownFileType = wrapper.framework; name = Cocoa.framework; path = System/Library/Frameworks/Cocoa.framework; sourceTree = SDKROOT; };
		5072A75713772BDA00022C98 /* AppKit.framework */ = {isa = PBXFileReference; lastKnownFileType = wrapper.framework; name = AppKit.framework; path = System/Library/Frameworks/AppKit.framework; sourceTree = SDKROOT; };
		5072A75813772BDA00022C98 /* CoreData.framework */ = {isa = PBXFileReference; lastKnownFileType = wrapper.framework; name = CoreData.framework; path = System/Library/Frameworks/CoreData.framework; sourceTree = SDKROOT; };
		5072A75913772BDA00022C98 /* Foundation.framework */ = {isa = PBXFileReference; lastKnownFileType = wrapper.framework; name = Foundation.framework; path = System/Library/Frameworks/Foundation.framework; sourceTree = SDKROOT; };
		5072A75C13772BDA00022C98 /* Timelapse For Aperture-Info.plist */ = {isa = PBXFileReference; lastKnownFileType = text.plist.xml; path = "Timelapse For Aperture-Info.plist"; sourceTree = "<group>"; };
		5072A75E13772BDA00022C98 /* en */ = {isa = PBXFileReference; lastKnownFileType = text.plist.strings; name = en; path = en.lproj/InfoPlist.strings; sourceTree = "<group>"; };
		5072A76013772BDA00022C98 /* Timelapse For Aperture-Prefix.pch */ = {isa = PBXFileReference; lastKnownFileType = sourcecode.c.h; path = "Timelapse For Aperture-Prefix.pch"; sourceTree = "<group>"; };
		5072A76613772BFA00022C98 /* TimeLapseApertureExporter.h */ = {isa = PBXFileReference; fileEncoding = 4; lastKnownFileType = sourcecode.c.h; path = TimeLapseApertureExporter.h; sourceTree = "<group>"; };
		5072A76713772BFA00022C98 /* TimeLapseApertureExporter.m */ = {isa = PBXFileReference; fileEncoding = 4; lastKnownFileType = sourcecode.c.objc; path = TimeLapseApertureExporter.m; sourceTree = "<group>"; };
		5072A76913772D0300022C98 /* TimeLapseApertureExporter.xib */ = {isa = PBXFileReference; fileEncoding = 4; lastKnownFileType = file.xib; path = TimeLapseApertureExporter.xib; sourceTree = "<group>"; };
		5072A76B13772E7300022C98 /* ApertureExportManager.h */ = {isa = PBXFileReference; fileEncoding = 4; lastKnownFileType = sourcecode.c.h; path = ApertureExportManager.h; sourceTree = "<group>"; };
		5072A76C13772E7300022C98 /* ApertureExportPlugIn.h */ = {isa = PBXFileReference; fileEncoding = 4; lastKnownFileType = sourcecode.c.h; path = ApertureExportPlugIn.h; sourceTree = "<group>"; };
		508EC287137C608100384FC7 /* VideoCompressor.h */ = {isa = PBXFileReference; fileEncoding = 4; lastKnownFileType = sourcecode.c.h; path = VideoCompressor.h; sourceTree = "<group>"; };
		508EC288137C61B600384FC7 /* MotionJPEGCompressor.h */ = {isa = PBXFileReference; fileEncoding = 4; lastKnownFileType = sourcecode.c.h; path = MotionJPEGCompressor.h; sourceTree = "<group>"; };
		508EC289137C61B600384FC7 /* MotionJPEGCompressor.m */ = {isa = PBXFileReference; fileEncoding = 4; lastKnownFileType = sourcecode.c.objc; path = MotionJPEGCompressor.m; sourceTree = "<group>"; };
		50A15C14137B341700215ABB /* H264VideoCompressor.h */ = {isa = PBXFileReference; fileEncoding = 4; lastKnownFileType = sourcecode.c.h; path = H264VideoCompressor.h; sourceTree = "<group>"; };
		50A15C15137B341700215ABB /* H264VideoCompressor.m */ = {isa = PBXFileReference; fileEncoding = 4; lastKnownFileType = sourcecode.c.objc; path = H264VideoCompressor.m; sourceTree = "<group>"; };
		50A15C18137B347900215ABB /* AVFoundation.framework */ = {isa = PBXFileReference; lastKnownFileType = wrapper.framework; name = AVFoundation.framework; path = System/Library/Frameworks/AVFoundation.framework; sourceTree = SDKROOT; };
		50A15C1A137B380300215ABB /* CoreMedia.framework */ = {isa = PBXFileReference; lastKnownFileType = wrapper.framework; name = CoreMedia.framework; path = System/Library/Frameworks/CoreMedia.framework; sourceTree = SDKROOT; };
		50A15C1C137B382800215ABB /* QuartzCore.framework */ = {isa = PBXFileReference; lastKnownFileType = wrapper.framework; name = QuartzCore.framework; path = System/Library/Frameworks/QuartzCore.framework; sourceTree = SDKROOT; };
		50A7B712137DC08800320BC0 /* README.markdown */ = {isa = PBXFileReference; fileEncoding = 4; lastKnownFileType = text; path = README.markdown; sourceTree = "<group>"; };
		50A8F8FE137C78960001073E /* H264VideoCompressor.xib */ = {isa = PBXFileReference; fileEncoding = 4; lastKnownFileType = file.xib; path = H264VideoCompressor.xib; sourceTree = "<group>"; };
		50DE0A6E13772FC1002C613F /* PluginManager.framework */ = {isa = PBXFileReference; lastKnownFileType = wrapper.framework; name = PluginManager.framework; path = /Library/Frameworks/PluginManager.framework; sourceTree = "<absolute>"; };
		50ED06441379EA2700A7565D /* PreviewGenerator.h */ = {isa = PBXFileReference; fileEncoding = 4; lastKnownFileType = sourcecode.c.h; path = PreviewGenerator.h; sourceTree = "<group>"; };
		50ED06451379EA2700A7565D /* PreviewGenerator.m */ = {isa = PBXFileReference; fileEncoding = 4; lastKnownFileType = sourcecode.c.objc; path = PreviewGenerator.m; sourceTree = "<group>"; };
/* End PBXFileReference section */

/* Begin PBXFrameworksBuildPhase section */
		5072A74E13772BDA00022C98 /* Frameworks */ = {
			isa = PBXFrameworksBuildPhase;
			buildActionMask = 2147483647;
			files = (
				50A15C1D137B382800215ABB /* QuartzCore.framework in Frameworks */,
				50A15C1B137B380300215ABB /* CoreMedia.framework in Frameworks */,
				50A15C19137B347900215ABB /* AVFoundation.framework in Frameworks */,
				500A70A213788D45000B9666 /* QTKit.framework in Frameworks */,
				50DE0A6F13772FC1002C613F /* PluginManager.framework in Frameworks */,
				5072A75513772BDA00022C98 /* Cocoa.framework in Frameworks */,
			);
			runOnlyForDeploymentPostprocessing = 0;
		};
/* End PBXFrameworksBuildPhase section */

/* Begin PBXGroup section */
		5072A74613772BDA00022C98 = {
			isa = PBXGroup;
			children = (
				50A7B712137DC08800320BC0 /* README.markdown */,
				5072A75A13772BDA00022C98 /* Timelapse For Aperture */,
				5072A75313772BDA00022C98 /* Frameworks */,
				5072A75213772BDA00022C98 /* Products */,
			);
			sourceTree = "<group>";
		};
		5072A75213772BDA00022C98 /* Products */ = {
			isa = PBXGroup;
			children = (
				5072A75113772BDA00022C98 /* Timelapse For Aperture.ApertureExport */,
			);
			name = Products;
			sourceTree = "<group>";
		};
		5072A75313772BDA00022C98 /* Frameworks */ = {
			isa = PBXGroup;
			children = (
				50A15C1A137B380300215ABB /* CoreMedia.framework */,
				50A15C1C137B382800215ABB /* QuartzCore.framework */,
				50A15C18137B347900215ABB /* AVFoundation.framework */,
				500A70A113788D45000B9666 /* QTKit.framework */,
				50DE0A6E13772FC1002C613F /* PluginManager.framework */,
				5072A75413772BDA00022C98 /* Cocoa.framework */,
				5072A75613772BDA00022C98 /* Other Frameworks */,
			);
			name = Frameworks;
			sourceTree = "<group>";
		};
		5072A75613772BDA00022C98 /* Other Frameworks */ = {
			isa = PBXGroup;
			children = (
				5072A75713772BDA00022C98 /* AppKit.framework */,
				5072A75813772BDA00022C98 /* CoreData.framework */,
				5072A75913772BDA00022C98 /* Foundation.framework */,
			);
			name = "Other Frameworks";
			sourceTree = "<group>";
		};
		5072A75A13772BDA00022C98 /* Timelapse For Aperture */ = {
			isa = PBXGroup;
			children = (
				50DE0A7D137731C4002C613F /* Aperture Headers */,
				5072A76613772BFA00022C98 /* TimeLapseApertureExporter.h */,
				5072A76713772BFA00022C98 /* TimeLapseApertureExporter.m */,
				50ED06441379EA2700A7565D /* PreviewGenerator.h */,
				50ED06451379EA2700A7565D /* PreviewGenerator.m */,
				50A15C1E137B3E6600215ABB /* Compressors */,
				5072A75B13772BDA00022C98 /* Supporting Files */,
				5072A76913772D0300022C98 /* TimeLapseApertureExporter.xib */,
			);
			path = "Timelapse For Aperture";
			sourceTree = "<group>";
		};
		5072A75B13772BDA00022C98 /* Supporting Files */ = {
			isa = PBXGroup;
			children = (
				5072A75C13772BDA00022C98 /* Timelapse For Aperture-Info.plist */,
				5072A75D13772BDA00022C98 /* InfoPlist.strings */,
				5072A76013772BDA00022C98 /* Timelapse For Aperture-Prefix.pch */,
			);
			name = "Supporting Files";
			sourceTree = "<group>";
		};
		50A15C1E137B3E6600215ABB /* Compressors */ = {
			isa = PBXGroup;
			children = (
				508EC287137C608100384FC7 /* VideoCompressor.h */,
				5016BD5F137DAA7800BF946C /* VideoCompressor.m */,
				50A15C14137B341700215ABB /* H264VideoCompressor.h */,
				50A15C15137B341700215ABB /* H264VideoCompressor.m */,
				50A8F8FE137C78960001073E /* H264VideoCompressor.xib */,
				508EC288137C61B600384FC7 /* MotionJPEGCompressor.h */,
				508EC289137C61B600384FC7 /* MotionJPEGCompressor.m */,
			);
			name = Compressors;
			sourceTree = "<group>";
		};
		50DE0A7D137731C4002C613F /* Aperture Headers */ = {
			isa = PBXGroup;
			children = (
				5072A76B13772E7300022C98 /* ApertureExportManager.h */,
				5072A76C13772E7300022C98 /* ApertureExportPlugIn.h */,
			);
			name = "Aperture Headers";
			sourceTree = "<group>";
		};
/* End PBXGroup section */

/* Begin PBXNativeTarget section */
		5072A75013772BDA00022C98 /* Timelapse For Aperture */ = {
			isa = PBXNativeTarget;
			buildConfigurationList = 5072A76313772BDA00022C98 /* Build configuration list for PBXNativeTarget "Timelapse For Aperture" */;
			buildPhases = (
				5072A74D13772BDA00022C98 /* Sources */,
				5072A74E13772BDA00022C98 /* Frameworks */,
				5072A74F13772BDA00022C98 /* Resources */,
			);
			buildRules = (
			);
			dependencies = (
			);
			name = "Timelapse For Aperture";
			productName = "Timelapse For Aperture";
			productReference = 5072A75113772BDA00022C98 /* Timelapse For Aperture.ApertureExport */;
			productType = "com.apple.product-type.bundle";
		};
/* End PBXNativeTarget section */

/* Begin PBXProject section */
		5072A74813772BDA00022C98 /* Project object */ = {
			isa = PBXProject;
			attributes = {
				ORGANIZATIONNAME = "KennettNet Software Limited";
			};
			buildConfigurationList = 5072A74B13772BDA00022C98 /* Build configuration list for PBXProject "Timelapse For Aperture" */;
			compatibilityVersion = "Xcode 3.2";
			developmentRegion = English;
			hasScannedForEncodings = 0;
			knownRegions = (
				en,
			);
			mainGroup = 5072A74613772BDA00022C98;
			productRefGroup = 5072A75213772BDA00022C98 /* Products */;
			projectDirPath = "";
			projectRoot = "";
			targets = (
				5072A75013772BDA00022C98 /* Timelapse For Aperture */,
			);
		};
/* End PBXProject section */

/* Begin PBXResourcesBuildPhase section */
		5072A74F13772BDA00022C98 /* Resources */ = {
			isa = PBXResourcesBuildPhase;
			buildActionMask = 2147483647;
			files = (
				5072A75F13772BDA00022C98 /* InfoPlist.strings in Resources */,
				5072A76A13772D0300022C98 /* TimeLapseApertureExporter.xib in Resources */,
				50A8F8FF137C78970001073E /* H264VideoCompressor.xib in Resources */,
				50A7B713137DC08800320BC0 /* README.markdown in Resources */,
			);
			runOnlyForDeploymentPostprocessing = 0;
		};
/* End PBXResourcesBuildPhase section */

/* Begin PBXSourcesBuildPhase section */
		5072A74D13772BDA00022C98 /* Sources */ = {
			isa = PBXSourcesBuildPhase;
			buildActionMask = 2147483647;
			files = (
				5072A76813772BFA00022C98 /* TimeLapseApertureExporter.m in Sources */,
				50ED06461379EA2700A7565D /* PreviewGenerator.m in Sources */,
				50A15C16137B341700215ABB /* H264VideoCompressor.m in Sources */,
				508EC28A137C61B600384FC7 /* MotionJPEGCompressor.m in Sources */,
				5016BD60137DAA7800BF946C /* VideoCompressor.m in Sources */,
			);
			runOnlyForDeploymentPostprocessing = 0;
		};
/* End PBXSourcesBuildPhase section */

/* Begin PBXVariantGroup section */
		5072A75D13772BDA00022C98 /* InfoPlist.strings */ = {
			isa = PBXVariantGroup;
			children = (
				5072A75E13772BDA00022C98 /* en */,
			);
			name = InfoPlist.strings;
			sourceTree = "<group>";
		};
/* End PBXVariantGroup section */

/* Begin XCBuildConfiguration section */
		5072A76113772BDA00022C98 /* Debug */ = {
			isa = XCBuildConfiguration;
			buildSettings = {
				ARCHS = "$(ARCHS_STANDARD_32_64_BIT)";
				GCC_C_LANGUAGE_STANDARD = gnu99;
				GCC_OPTIMIZATION_LEVEL = 0;
				GCC_PREPROCESSOR_DEFINITIONS = DEBUG;
				GCC_SYMBOLS_PRIVATE_EXTERN = NO;
				GCC_VERSION = com.apple.compilers.llvm.clang.1_0;
				GCC_WARN_64_TO_32_BIT_CONVERSION = YES;
				GCC_WARN_ABOUT_RETURN_TYPE = YES;
				GCC_WARN_UNUSED_VARIABLE = YES;
				MACOSX_DEPLOYMENT_TARGET = 10.6;
				ONLY_ACTIVE_ARCH = YES;
				RUN_CLANG_STATIC_ANALYZER = YES;
				SDKROOT = macosx10.7;
			};
			name = Debug;
		};
		5072A76213772BDA00022C98 /* Release */ = {
			isa = XCBuildConfiguration;
			buildSettings = {
				ARCHS = "$(ARCHS_STANDARD_32_64_BIT)";
				GCC_C_LANGUAGE_STANDARD = gnu99;
				GCC_VERSION = com.apple.compilers.llvm.clang.1_0;
				GCC_WARN_64_TO_32_BIT_CONVERSION = YES;
				GCC_WARN_ABOUT_RETURN_TYPE = YES;
				GCC_WARN_UNUSED_VARIABLE = YES;
				MACOSX_DEPLOYMENT_TARGET = 10.6;
				RUN_CLANG_STATIC_ANALYZER = YES;
				SDKROOT = macosx10.7;
			};
			name = Release;
		};
		5072A76413772BDA00022C98 /* Debug */ = {
			isa = XCBuildConfiguration;
			buildSettings = {
				ALWAYS_SEARCH_USER_PATHS = NO;
				COPY_PHASE_STRIP = NO;
				GCC_DYNAMIC_NO_PIC = NO;
				GCC_ENABLE_OBJC_EXCEPTIONS = YES;
				GCC_PRECOMPILE_PREFIX_HEADER = YES;
				GCC_PREFIX_HEADER = "Timelapse For Aperture/Timelapse For Aperture-Prefix.pch";
				INFOPLIST_FILE = "Timelapse For Aperture/Timelapse For Aperture-Info.plist";
				INSTALL_PATH = "$(USER_LIBRARY_DIR)/Application Support/Aperture/Plug-Ins/Export";
				PRODUCT_NAME = "$(TARGET_NAME)";
				WRAPPER_EXTENSION = ApertureExport;
			};
			name = Debug;
		};
		5072A76513772BDA00022C98 /* Release */ = {
			isa = XCBuildConfiguration;
			buildSettings = {
				ALWAYS_SEARCH_USER_PATHS = NO;
				COPY_PHASE_STRIP = YES;
				DEBUG_INFORMATION_FORMAT = "dwarf-with-dsym";
				GCC_ENABLE_OBJC_EXCEPTIONS = YES;
				GCC_PRECOMPILE_PREFIX_HEADER = YES;
				GCC_PREFIX_HEADER = "Timelapse For Aperture/Timelapse For Aperture-Prefix.pch";
				INFOPLIST_FILE = "Timelapse For Aperture/Timelapse For Aperture-Info.plist";
				INSTALL_PATH = "$(USER_LIBRARY_DIR)/Application Support/Aperture/Plug-Ins/Export";
				PRODUCT_NAME = "$(TARGET_NAME)";
				WRAPPER_EXTENSION = ApertureExport;
			};
			name = Release;
		};
/* End XCBuildConfiguration section */

/* Begin XCConfigurationList section */
		5072A74B13772BDA00022C98 /* Build configuration list for PBXProject "Timelapse For Aperture" */ = {
			isa = XCConfigurationList;
			buildConfigurations = (
				5072A76113772BDA00022C98 /* Debug */,
				5072A76213772BDA00022C98 /* Release */,
			);
			defaultConfigurationIsVisible = 0;
			defaultConfigurationName = Release;
		};
		5072A76313772BDA00022C98 /* Build configuration list for PBXNativeTarget "Timelapse For Aperture" */ = {
			isa = XCConfigurationList;
			buildConfigurations = (
				5072A76413772BDA00022C98 /* Debug */,
				5072A76513772BDA00022C98 /* Release */,
			);
			defaultConfigurationIsVisible = 0;
			defaultConfigurationName = Release;
		};
/* End XCConfigurationList section */
	};
	rootObject = 5072A74813772BDA00022C98 /* Project object */;
}
